# This file was autogenerated by Stack.
# You should not edit this file by hand.
# For more information, please see the documentation at:
#   https://docs.haskellstack.org/en/stable/lock_files

packages:
- completed:
    hackage: brick-2.8.3@sha256:a31712034265e42361e2f6966d4767b910fc914e1cdc26bd0349607238d0ee8d,18379
    pantry-tree:
      sha256: a0a0d9e39028a471dc642e4b3f677802adc6831e8e59e20d728e554109b7c2fe
      size: 4944
  original:
    hackage: brick-2.8.3
snapshots:
- completed:
    sha256: 925e1bf884fd7a1ed2bfca9a041bed96fba51be6148cfa9fc4a590e218c2e483
    size: 683820
    url: https://raw.githubusercontent.com/commercialhaskell/stackage-snapshots/master/lts/23/16.yaml
  original:
    url: https://raw.githubusercontent.com/commercialhaskell/stackage-snapshots/master/lts/23/16.yaml
